
Microsoft Visual Studio Solution File, Format Version 10.00
# Visual Studio 2008
Project("{8BC9CEB8-8B4A-11D0-8D11-00A0C91BC942}") = "kvdb_parser", "kvdb_parser.vcproj", "{EE167611-E761-4F7D-BA8C-FDDF8978CD21}"
EndProject
Global
	GlobalSection(SolutionConfigurationPlatforms) = preSolution
		Debug|Win32 = Debug|Win32
		Release|Win32 = Release|Win32
	EndGlobalSection
	GlobalSection(ProjectConfigurationPlatforms) = postSolution
		{EE167611-E761-4F7D-BA8C-FDDF8978CD21}.Debug|Win32.ActiveCfg = Debug|Win32
		{EE167611-E761-4F7D-BA8C-FDDF8978CD21}.Debug|Win32.Build.0 = Debug|Win32
		{EE167611-E761-4F7D-BA8C-FDDF8978CD21}.Release|Win32.ActiveCfg = Release|Win32
		{EE167611-E761-4F7D-BA8C-FDDF8978CD21}.Release|Win32.Build.0 = Release|Win32
	EndGlobalSection
	GlobalSection(SolutionProperties) = preSolution
		HideSolutionNode = FALSE
	EndGlobalSection
EndGlobal
