
Microsoft Visual Studio Solution File, Format Version 10.00
# Visual Studio 2008
Project("{8BC9CEB8-8B4A-11D0-8D11-00A0C91BC942}") = "libutil", "libutil\libutil.vcproj", "{90C41A14-34C4-40E1-8FD1-5825B8913899}"
EndProject
Project("{8BC9CEB8-8B4A-11D0-8D11-00A0C91BC942}") = "libg3dlite", "libg3dlite\libg3dlite.vcproj", "{5E5CAF04-120E-4B5D-ADBE-0F2C9B4F4316}"
	ProjectSection(ProjectDependencies) = postProject
		{90C41A14-34C4-40E1-8FD1-5825B8913899} = {90C41A14-34C4-40E1-8FD1-5825B8913899}
	EndProjectSection
EndProject
Project("{8BC9CEB8-8B4A-11D0-8D11-00A0C91BC942}") = "pw_proto_cpp_gen", "pw_proto_cpp_gen\pw_proto_cpp_gen.vcproj", "{78EFB607-EFC1-4CAA-9D8B-B9C35C9FE081}"
	ProjectSection(ProjectDependencies) = postProject
		{90C41A14-34C4-40E1-8FD1-5825B8913899} = {90C41A14-34C4-40E1-8FD1-5825B8913899}
	EndProjectSection
EndProject
Project("{8BC9CEB8-8B4A-11D0-8D11-00A0C91BC942}") = "libcore", "libcore\libcore.vcproj", "{F541DAC6-3DDC-44D2-BF17-8AB381C6225F}"
EndProject
Project("{8BC9CEB8-8B4A-11D0-8D11-00A0C91BC942}") = "pwaccsrv", "pwaccsrv\pwaccsrv.vcproj", "{7EC92AB8-5ACE-492C-A841-E7C75AB5D78A}"
	ProjectSection(ProjectDependencies) = postProject
		{5E5CAF04-120E-4B5D-ADBE-0F2C9B4F4316} = {5E5CAF04-120E-4B5D-ADBE-0F2C9B4F4316}
		{90C41A14-34C4-40E1-8FD1-5825B8913899} = {90C41A14-34C4-40E1-8FD1-5825B8913899}
		{6F8F291B-9B64-4CF7-AE3E-1F6F8B80190F} = {6F8F291B-9B64-4CF7-AE3E-1F6F8B80190F}
		{F541DAC6-3DDC-44D2-BF17-8AB381C6225F} = {F541DAC6-3DDC-44D2-BF17-8AB381C6225F}
	EndProjectSection
EndProject
Project("{8BC9CEB8-8B4A-11D0-8D11-00A0C91BC942}") = "pwdbsrv", "pwdbsrv\pwdbsrv.vcproj", "{352DBF4F-A42D-4266-A809-EE5F802A2794}"
	ProjectSection(ProjectDependencies) = postProject
		{5E5CAF04-120E-4B5D-ADBE-0F2C9B4F4316} = {5E5CAF04-120E-4B5D-ADBE-0F2C9B4F4316}
		{90C41A14-34C4-40E1-8FD1-5825B8913899} = {90C41A14-34C4-40E1-8FD1-5825B8913899}
		{6F8F291B-9B64-4CF7-AE3E-1F6F8B80190F} = {6F8F291B-9B64-4CF7-AE3E-1F6F8B80190F}
		{F541DAC6-3DDC-44D2-BF17-8AB381C6225F} = {F541DAC6-3DDC-44D2-BF17-8AB381C6225F}
	EndProjectSection
EndProject
Project("{8BC9CEB8-8B4A-11D0-8D11-00A0C91BC942}") = "pwctrlsrv", "pwctrlsrv\pwctrlsrv.vcproj", "{325D934E-3BA0-4609-9946-B79B9BC37251}"
	ProjectSection(ProjectDependencies) = postProject
		{5E5CAF04-120E-4B5D-ADBE-0F2C9B4F4316} = {5E5CAF04-120E-4B5D-ADBE-0F2C9B4F4316}
		{90C41A14-34C4-40E1-8FD1-5825B8913899} = {90C41A14-34C4-40E1-8FD1-5825B8913899}
		{6F8F291B-9B64-4CF7-AE3E-1F6F8B80190F} = {6F8F291B-9B64-4CF7-AE3E-1F6F8B80190F}
		{F541DAC6-3DDC-44D2-BF17-8AB381C6225F} = {F541DAC6-3DDC-44D2-BF17-8AB381C6225F}
	EndProjectSection
EndProject
Project("{8BC9CEB8-8B4A-11D0-8D11-00A0C91BC942}") = "pwconnsrv", "pwconnsrv\pwconnsrv.vcproj", "{27B2D3D1-05BC-40DF-97AC-8364AF10ACC1}"
	ProjectSection(ProjectDependencies) = postProject
		{5E5CAF04-120E-4B5D-ADBE-0F2C9B4F4316} = {5E5CAF04-120E-4B5D-ADBE-0F2C9B4F4316}
		{90C41A14-34C4-40E1-8FD1-5825B8913899} = {90C41A14-34C4-40E1-8FD1-5825B8913899}
		{6F8F291B-9B64-4CF7-AE3E-1F6F8B80190F} = {6F8F291B-9B64-4CF7-AE3E-1F6F8B80190F}
		{F541DAC6-3DDC-44D2-BF17-8AB381C6225F} = {F541DAC6-3DDC-44D2-BF17-8AB381C6225F}
	EndProjectSection
EndProject
Project("{8BC9CEB8-8B4A-11D0-8D11-00A0C91BC942}") = "pwworldsrv", "pwworldsrv\pwworldsrv.vcproj", "{9BC90B91-48AE-44E0-82ED-129087146D88}"
	ProjectSection(ProjectDependencies) = postProject
		{5E5CAF04-120E-4B5D-ADBE-0F2C9B4F4316} = {5E5CAF04-120E-4B5D-ADBE-0F2C9B4F4316}
		{90C41A14-34C4-40E1-8FD1-5825B8913899} = {90C41A14-34C4-40E1-8FD1-5825B8913899}
		{6F8F291B-9B64-4CF7-AE3E-1F6F8B80190F} = {6F8F291B-9B64-4CF7-AE3E-1F6F8B80190F}
		{F541DAC6-3DDC-44D2-BF17-8AB381C6225F} = {F541DAC6-3DDC-44D2-BF17-8AB381C6225F}
	EndProjectSection
EndProject
Project("{8BC9CEB8-8B4A-11D0-8D11-00A0C91BC942}") = "pwnrobot", "pwnrobot\pwnrobot.vcproj", "{3BA3E9F5-3A25-4014-9405-B0E063FE3F52}"
	ProjectSection(ProjectDependencies) = postProject
		{5E5CAF04-120E-4B5D-ADBE-0F2C9B4F4316} = {5E5CAF04-120E-4B5D-ADBE-0F2C9B4F4316}
		{90C41A14-34C4-40E1-8FD1-5825B8913899} = {90C41A14-34C4-40E1-8FD1-5825B8913899}
		{F541DAC6-3DDC-44D2-BF17-8AB381C6225F} = {F541DAC6-3DDC-44D2-BF17-8AB381C6225F}
	EndProjectSection
EndProject
Project("{8BC9CEB8-8B4A-11D0-8D11-00A0C91BC942}") = "pwaccmgr", "pwaccmgr\pwaccmgr.vcproj", "{F42866F9-88F0-4FAE-B144-EE8633582ABF}"
	ProjectSection(ProjectDependencies) = postProject
		{90C41A14-34C4-40E1-8FD1-5825B8913899} = {90C41A14-34C4-40E1-8FD1-5825B8913899}
		{6F8F291B-9B64-4CF7-AE3E-1F6F8B80190F} = {6F8F291B-9B64-4CF7-AE3E-1F6F8B80190F}
		{F541DAC6-3DDC-44D2-BF17-8AB381C6225F} = {F541DAC6-3DDC-44D2-BF17-8AB381C6225F}
	EndProjectSection
EndProject
Project("{2150E333-8FDC-42A3-9474-1A3956D46DE8}") = "tools", "tools", "{E509B85B-5551-476D-BA2D-3B83CC0BBDC0}"
EndProject
Project("{2150E333-8FDC-42A3-9474-1A3956D46DE8}") = "libs", "libs", "{A513B96A-86AF-4156-9E9D-22F722BCE190}"
EndProject
Project("{8BC9CEB8-8B4A-11D0-8D11-00A0C91BC942}") = "pwclientlog", "pwclientlog\pwclientlog.vcproj", "{3CC35FD1-A090-49B9-88B8-198968084B8F}"
	ProjectSection(ProjectDependencies) = postProject
		{90C41A14-34C4-40E1-8FD1-5825B8913899} = {90C41A14-34C4-40E1-8FD1-5825B8913899}
	EndProjectSection
EndProject
Project("{8BC9CEB8-8B4A-11D0-8D11-00A0C91BC942}") = "kvdb_parser", "..\tools\src\kvdb_parser\kvdb_parser.vcproj", "{EE167611-E761-4F7D-BA8C-FDDF8978CD21}"
EndProject
Project("{8BC9CEB8-8B4A-11D0-8D11-00A0C91BC942}") = "pwgdbserver", "pwgdbserver\pwgdbserver.vcproj", "{4CE1B3BF-E712-4AD1-9C48-5A410084703C}"
	ProjectSection(ProjectDependencies) = postProject
		{90C41A14-34C4-40E1-8FD1-5825B8913899} = {90C41A14-34C4-40E1-8FD1-5825B8913899}
		{ED636B17-E195-4BBD-8B14-25504B8128AF} = {ED636B17-E195-4BBD-8B14-25504B8128AF}
	EndProjectSection
EndProject
Project("{8BC9CEB8-8B4A-11D0-8D11-00A0C91BC942}") = "libdefs", "libdefs\libdefs.vcproj", "{6F8F291B-9B64-4CF7-AE3E-1F6F8B80190F}"
	ProjectSection(ProjectDependencies) = postProject
		{90C41A14-34C4-40E1-8FD1-5825B8913899} = {90C41A14-34C4-40E1-8FD1-5825B8913899}
		{F541DAC6-3DDC-44D2-BF17-8AB381C6225F} = {F541DAC6-3DDC-44D2-BF17-8AB381C6225F}
	EndProjectSection
EndProject
Project("{8BC9CEB8-8B4A-11D0-8D11-00A0C91BC942}") = "pwgdbclient", "pwgdbclient\pwgdbclient.vcproj", "{B7CA4EBC-5CDD-4B21-A721-1A5933025322}"
	ProjectSection(ProjectDependencies) = postProject
		{90C41A14-34C4-40E1-8FD1-5825B8913899} = {90C41A14-34C4-40E1-8FD1-5825B8913899}
		{F541DAC6-3DDC-44D2-BF17-8AB381C6225F} = {F541DAC6-3DDC-44D2-BF17-8AB381C6225F}
	EndProjectSection
EndProject
Project("{8BC9CEB8-8B4A-11D0-8D11-00A0C91BC942}") = "leveldb_1_15", "..\..\deps\leveldb_1_15\leveldb_1_15.vcproj", "{ED636B17-E195-4BBD-8B14-25504B8128AF}"
EndProject
Project("{8BC9CEB8-8B4A-11D0-8D11-00A0C91BC942}") = "pwencode", "..\tools\src\pwencode\pwencode.vcproj", "{A80DEA74-5DD2-4EE6-B8B7-5FC9722ED1CD}"
EndProject
Project("{8BC9CEB8-8B4A-11D0-8D11-00A0C91BC942}") = "pwglobalsrv", "pwglobalsrv\pwglobalsrv.vcproj", "{F7AFA488-3F2E-4506-9636-0E1AD75A56F9}"
EndProject
Global
	GlobalSection(SolutionConfigurationPlatforms) = preSolution
		Debug|Win32 = Debug|Win32
		Release|Win32 = Release|Win32
		WithOpenPGM|Win32 = WithOpenPGM|Win32
	EndGlobalSection
	GlobalSection(ProjectConfigurationPlatforms) = postSolution
		{90C41A14-34C4-40E1-8FD1-5825B8913899}.Debug|Win32.ActiveCfg = Debug|Win32
		{90C41A14-34C4-40E1-8FD1-5825B8913899}.Debug|Win32.Build.0 = Debug|Win32
		{90C41A14-34C4-40E1-8FD1-5825B8913899}.Release|Win32.ActiveCfg = Release|Win32
		{90C41A14-34C4-40E1-8FD1-5825B8913899}.Release|Win32.Build.0 = Release|Win32
		{90C41A14-34C4-40E1-8FD1-5825B8913899}.WithOpenPGM|Win32.ActiveCfg = Release|Win32
		{90C41A14-34C4-40E1-8FD1-5825B8913899}.WithOpenPGM|Win32.Build.0 = Release|Win32
		{5E5CAF04-120E-4B5D-ADBE-0F2C9B4F4316}.Debug|Win32.ActiveCfg = Debug|Win32
		{5E5CAF04-120E-4B5D-ADBE-0F2C9B4F4316}.Debug|Win32.Build.0 = Debug|Win32
		{5E5CAF04-120E-4B5D-ADBE-0F2C9B4F4316}.Release|Win32.ActiveCfg = Release|Win32
		{5E5CAF04-120E-4B5D-ADBE-0F2C9B4F4316}.Release|Win32.Build.0 = Release|Win32
		{5E5CAF04-120E-4B5D-ADBE-0F2C9B4F4316}.WithOpenPGM|Win32.ActiveCfg = Release|Win32
		{5E5CAF04-120E-4B5D-ADBE-0F2C9B4F4316}.WithOpenPGM|Win32.Build.0 = Release|Win32
		{78EFB607-EFC1-4CAA-9D8B-B9C35C9FE081}.Debug|Win32.ActiveCfg = Debug|Win32
		{78EFB607-EFC1-4CAA-9D8B-B9C35C9FE081}.Debug|Win32.Build.0 = Debug|Win32
		{78EFB607-EFC1-4CAA-9D8B-B9C35C9FE081}.Release|Win32.ActiveCfg = Release|Win32
		{78EFB607-EFC1-4CAA-9D8B-B9C35C9FE081}.Release|Win32.Build.0 = Release|Win32
		{78EFB607-EFC1-4CAA-9D8B-B9C35C9FE081}.WithOpenPGM|Win32.ActiveCfg = Release|Win32
		{78EFB607-EFC1-4CAA-9D8B-B9C35C9FE081}.WithOpenPGM|Win32.Build.0 = Release|Win32
		{F541DAC6-3DDC-44D2-BF17-8AB381C6225F}.Debug|Win32.ActiveCfg = Debug|Win32
		{F541DAC6-3DDC-44D2-BF17-8AB381C6225F}.Debug|Win32.Build.0 = Debug|Win32
		{F541DAC6-3DDC-44D2-BF17-8AB381C6225F}.Release|Win32.ActiveCfg = Release|Win32
		{F541DAC6-3DDC-44D2-BF17-8AB381C6225F}.Release|Win32.Build.0 = Release|Win32
		{F541DAC6-3DDC-44D2-BF17-8AB381C6225F}.WithOpenPGM|Win32.ActiveCfg = Release|Win32
		{F541DAC6-3DDC-44D2-BF17-8AB381C6225F}.WithOpenPGM|Win32.Build.0 = Release|Win32
		{7EC92AB8-5ACE-492C-A841-E7C75AB5D78A}.Debug|Win32.ActiveCfg = Debug|Win32
		{7EC92AB8-5ACE-492C-A841-E7C75AB5D78A}.Debug|Win32.Build.0 = Debug|Win32
		{7EC92AB8-5ACE-492C-A841-E7C75AB5D78A}.Release|Win32.ActiveCfg = Release|Win32
		{7EC92AB8-5ACE-492C-A841-E7C75AB5D78A}.Release|Win32.Build.0 = Release|Win32
		{7EC92AB8-5ACE-492C-A841-E7C75AB5D78A}.WithOpenPGM|Win32.ActiveCfg = Release|Win32
		{7EC92AB8-5ACE-492C-A841-E7C75AB5D78A}.WithOpenPGM|Win32.Build.0 = Release|Win32
		{352DBF4F-A42D-4266-A809-EE5F802A2794}.Debug|Win32.ActiveCfg = Debug|Win32
		{352DBF4F-A42D-4266-A809-EE5F802A2794}.Debug|Win32.Build.0 = Debug|Win32
		{352DBF4F-A42D-4266-A809-EE5F802A2794}.Release|Win32.ActiveCfg = Release|Win32
		{352DBF4F-A42D-4266-A809-EE5F802A2794}.Release|Win32.Build.0 = Release|Win32
		{352DBF4F-A42D-4266-A809-EE5F802A2794}.WithOpenPGM|Win32.ActiveCfg = Release|Win32
		{352DBF4F-A42D-4266-A809-EE5F802A2794}.WithOpenPGM|Win32.Build.0 = Release|Win32
		{325D934E-3BA0-4609-9946-B79B9BC37251}.Debug|Win32.ActiveCfg = Debug|Win32
		{325D934E-3BA0-4609-9946-B79B9BC37251}.Debug|Win32.Build.0 = Debug|Win32
		{325D934E-3BA0-4609-9946-B79B9BC37251}.Release|Win32.ActiveCfg = Release|Win32
		{325D934E-3BA0-4609-9946-B79B9BC37251}.Release|Win32.Build.0 = Release|Win32
		{325D934E-3BA0-4609-9946-B79B9BC37251}.WithOpenPGM|Win32.ActiveCfg = Release|Win32
		{325D934E-3BA0-4609-9946-B79B9BC37251}.WithOpenPGM|Win32.Build.0 = Release|Win32
		{27B2D3D1-05BC-40DF-97AC-8364AF10ACC1}.Debug|Win32.ActiveCfg = Debug|Win32
		{27B2D3D1-05BC-40DF-97AC-8364AF10ACC1}.Debug|Win32.Build.0 = Debug|Win32
		{27B2D3D1-05BC-40DF-97AC-8364AF10ACC1}.Release|Win32.ActiveCfg = Release|Win32
		{27B2D3D1-05BC-40DF-97AC-8364AF10ACC1}.Release|Win32.Build.0 = Release|Win32
		{27B2D3D1-05BC-40DF-97AC-8364AF10ACC1}.WithOpenPGM|Win32.ActiveCfg = Release|Win32
		{27B2D3D1-05BC-40DF-97AC-8364AF10ACC1}.WithOpenPGM|Win32.Build.0 = Release|Win32
		{9BC90B91-48AE-44E0-82ED-129087146D88}.Debug|Win32.ActiveCfg = Debug|Win32
		{9BC90B91-48AE-44E0-82ED-129087146D88}.Debug|Win32.Build.0 = Debug|Win32
		{9BC90B91-48AE-44E0-82ED-129087146D88}.Release|Win32.ActiveCfg = Release|Win32
		{9BC90B91-48AE-44E0-82ED-129087146D88}.Release|Win32.Build.0 = Release|Win32
		{9BC90B91-48AE-44E0-82ED-129087146D88}.WithOpenPGM|Win32.ActiveCfg = Release|Win32
		{9BC90B91-48AE-44E0-82ED-129087146D88}.WithOpenPGM|Win32.Build.0 = Release|Win32
		{3BA3E9F5-3A25-4014-9405-B0E063FE3F52}.Debug|Win32.ActiveCfg = Debug|Win32
		{3BA3E9F5-3A25-4014-9405-B0E063FE3F52}.Debug|Win32.Build.0 = Debug|Win32
		{3BA3E9F5-3A25-4014-9405-B0E063FE3F52}.Release|Win32.ActiveCfg = Release|Win32
		{3BA3E9F5-3A25-4014-9405-B0E063FE3F52}.Release|Win32.Build.0 = Release|Win32
		{3BA3E9F5-3A25-4014-9405-B0E063FE3F52}.WithOpenPGM|Win32.ActiveCfg = Release|Win32
		{3BA3E9F5-3A25-4014-9405-B0E063FE3F52}.WithOpenPGM|Win32.Build.0 = Release|Win32
		{F42866F9-88F0-4FAE-B144-EE8633582ABF}.Debug|Win32.ActiveCfg = Debug|Win32
		{F42866F9-88F0-4FAE-B144-EE8633582ABF}.Debug|Win32.Build.0 = Debug|Win32
		{F42866F9-88F0-4FAE-B144-EE8633582ABF}.Release|Win32.ActiveCfg = Release|Win32
		{F42866F9-88F0-4FAE-B144-EE8633582ABF}.Release|Win32.Build.0 = Release|Win32
		{F42866F9-88F0-4FAE-B144-EE8633582ABF}.WithOpenPGM|Win32.ActiveCfg = Release|Win32
		{F42866F9-88F0-4FAE-B144-EE8633582ABF}.WithOpenPGM|Win32.Build.0 = Release|Win32
		{3CC35FD1-A090-49B9-88B8-198968084B8F}.Debug|Win32.ActiveCfg = Debug|Win32
		{3CC35FD1-A090-49B9-88B8-198968084B8F}.Debug|Win32.Build.0 = Debug|Win32
		{3CC35FD1-A090-49B9-88B8-198968084B8F}.Release|Win32.ActiveCfg = Release|Win32
		{3CC35FD1-A090-49B9-88B8-198968084B8F}.Release|Win32.Build.0 = Release|Win32
		{3CC35FD1-A090-49B9-88B8-198968084B8F}.WithOpenPGM|Win32.ActiveCfg = Release|Win32
		{3CC35FD1-A090-49B9-88B8-198968084B8F}.WithOpenPGM|Win32.Build.0 = Release|Win32
		{EE167611-E761-4F7D-BA8C-FDDF8978CD21}.Debug|Win32.ActiveCfg = Debug|Win32
		{EE167611-E761-4F7D-BA8C-FDDF8978CD21}.Debug|Win32.Build.0 = Debug|Win32
		{EE167611-E761-4F7D-BA8C-FDDF8978CD21}.Release|Win32.ActiveCfg = Release|Win32
		{EE167611-E761-4F7D-BA8C-FDDF8978CD21}.Release|Win32.Build.0 = Release|Win32
		{EE167611-E761-4F7D-BA8C-FDDF8978CD21}.WithOpenPGM|Win32.ActiveCfg = Release|Win32
		{EE167611-E761-4F7D-BA8C-FDDF8978CD21}.WithOpenPGM|Win32.Build.0 = Release|Win32
		{4CE1B3BF-E712-4AD1-9C48-5A410084703C}.Debug|Win32.ActiveCfg = Debug|Win32
		{4CE1B3BF-E712-4AD1-9C48-5A410084703C}.Debug|Win32.Build.0 = Debug|Win32
		{4CE1B3BF-E712-4AD1-9C48-5A410084703C}.Release|Win32.ActiveCfg = Release|Win32
		{4CE1B3BF-E712-4AD1-9C48-5A410084703C}.Release|Win32.Build.0 = Release|Win32
		{4CE1B3BF-E712-4AD1-9C48-5A410084703C}.WithOpenPGM|Win32.ActiveCfg = Release|Win32
		{4CE1B3BF-E712-4AD1-9C48-5A410084703C}.WithOpenPGM|Win32.Build.0 = Release|Win32
		{6F8F291B-9B64-4CF7-AE3E-1F6F8B80190F}.Debug|Win32.ActiveCfg = Debug|Win32
		{6F8F291B-9B64-4CF7-AE3E-1F6F8B80190F}.Debug|Win32.Build.0 = Debug|Win32
		{6F8F291B-9B64-4CF7-AE3E-1F6F8B80190F}.Release|Win32.ActiveCfg = Release|Win32
		{6F8F291B-9B64-4CF7-AE3E-1F6F8B80190F}.Release|Win32.Build.0 = Release|Win32
		{6F8F291B-9B64-4CF7-AE3E-1F6F8B80190F}.WithOpenPGM|Win32.ActiveCfg = Release|Win32
		{6F8F291B-9B64-4CF7-AE3E-1F6F8B80190F}.WithOpenPGM|Win32.Build.0 = Release|Win32
		{B7CA4EBC-5CDD-4B21-A721-1A5933025322}.Debug|Win32.ActiveCfg = Debug|Win32
		{B7CA4EBC-5CDD-4B21-A721-1A5933025322}.Debug|Win32.Build.0 = Debug|Win32
		{B7CA4EBC-5CDD-4B21-A721-1A5933025322}.Release|Win32.ActiveCfg = Release|Win32
		{B7CA4EBC-5CDD-4B21-A721-1A5933025322}.Release|Win32.Build.0 = Release|Win32
		{B7CA4EBC-5CDD-4B21-A721-1A5933025322}.WithOpenPGM|Win32.ActiveCfg = Release|Win32
		{B7CA4EBC-5CDD-4B21-A721-1A5933025322}.WithOpenPGM|Win32.Build.0 = Release|Win32
		{ED636B17-E195-4BBD-8B14-25504B8128AF}.Debug|Win32.ActiveCfg = Debug|Win32
		{ED636B17-E195-4BBD-8B14-25504B8128AF}.Debug|Win32.Build.0 = Debug|Win32
		{ED636B17-E195-4BBD-8B14-25504B8128AF}.Release|Win32.ActiveCfg = Release|Win32
		{ED636B17-E195-4BBD-8B14-25504B8128AF}.Release|Win32.Build.0 = Release|Win32
		{ED636B17-E195-4BBD-8B14-25504B8128AF}.WithOpenPGM|Win32.ActiveCfg = Release|Win32
		{ED636B17-E195-4BBD-8B14-25504B8128AF}.WithOpenPGM|Win32.Build.0 = Release|Win32
		{A80DEA74-5DD2-4EE6-B8B7-5FC9722ED1CD}.Debug|Win32.ActiveCfg = Debug|Win32
		{A80DEA74-5DD2-4EE6-B8B7-5FC9722ED1CD}.Debug|Win32.Build.0 = Debug|Win32
		{A80DEA74-5DD2-4EE6-B8B7-5FC9722ED1CD}.Release|Win32.ActiveCfg = Release|Win32
		{A80DEA74-5DD2-4EE6-B8B7-5FC9722ED1CD}.Release|Win32.Build.0 = Release|Win32
		{A80DEA74-5DD2-4EE6-B8B7-5FC9722ED1CD}.WithOpenPGM|Win32.ActiveCfg = Release|Win32
		{A80DEA74-5DD2-4EE6-B8B7-5FC9722ED1CD}.WithOpenPGM|Win32.Build.0 = Release|Win32
		{F7AFA488-3F2E-4506-9636-0E1AD75A56F9}.Debug|Win32.ActiveCfg = Debug|Win32
		{F7AFA488-3F2E-4506-9636-0E1AD75A56F9}.Debug|Win32.Build.0 = Debug|Win32
		{F7AFA488-3F2E-4506-9636-0E1AD75A56F9}.Release|Win32.ActiveCfg = Release|Win32
		{F7AFA488-3F2E-4506-9636-0E1AD75A56F9}.Release|Win32.Build.0 = Release|Win32
		{F7AFA488-3F2E-4506-9636-0E1AD75A56F9}.WithOpenPGM|Win32.ActiveCfg = Release|Win32
		{F7AFA488-3F2E-4506-9636-0E1AD75A56F9}.WithOpenPGM|Win32.Build.0 = Release|Win32
	EndGlobalSection
	GlobalSection(SolutionProperties) = preSolution
		HideSolutionNode = FALSE
	EndGlobalSection
	GlobalSection(NestedProjects) = preSolution
		{5E5CAF04-120E-4B5D-ADBE-0F2C9B4F4316} = {A513B96A-86AF-4156-9E9D-22F722BCE190}
		{F541DAC6-3DDC-44D2-BF17-8AB381C6225F} = {A513B96A-86AF-4156-9E9D-22F722BCE190}
		{90C41A14-34C4-40E1-8FD1-5825B8913899} = {A513B96A-86AF-4156-9E9D-22F722BCE190}
		{6F8F291B-9B64-4CF7-AE3E-1F6F8B80190F} = {A513B96A-86AF-4156-9E9D-22F722BCE190}
		{ED636B17-E195-4BBD-8B14-25504B8128AF} = {A513B96A-86AF-4156-9E9D-22F722BCE190}
		{3BA3E9F5-3A25-4014-9405-B0E063FE3F52} = {E509B85B-5551-476D-BA2D-3B83CC0BBDC0}
		{F42866F9-88F0-4FAE-B144-EE8633582ABF} = {E509B85B-5551-476D-BA2D-3B83CC0BBDC0}
		{78EFB607-EFC1-4CAA-9D8B-B9C35C9FE081} = {E509B85B-5551-476D-BA2D-3B83CC0BBDC0}
		{3CC35FD1-A090-49B9-88B8-198968084B8F} = {E509B85B-5551-476D-BA2D-3B83CC0BBDC0}
		{EE167611-E761-4F7D-BA8C-FDDF8978CD21} = {E509B85B-5551-476D-BA2D-3B83CC0BBDC0}
		{4CE1B3BF-E712-4AD1-9C48-5A410084703C} = {E509B85B-5551-476D-BA2D-3B83CC0BBDC0}
		{B7CA4EBC-5CDD-4B21-A721-1A5933025322} = {E509B85B-5551-476D-BA2D-3B83CC0BBDC0}
		{A80DEA74-5DD2-4EE6-B8B7-5FC9722ED1CD} = {E509B85B-5551-476D-BA2D-3B83CC0BBDC0}
		{F7AFA488-3F2E-4506-9636-0E1AD75A56F9} = {E509B85B-5551-476D-BA2D-3B83CC0BBDC0}
	EndGlobalSection
EndGlobal
